
Microsoft Visual Studio Solution File, Format Version 10.00
# Visual Studio 2008
Project("{8BC9CEB8-8B4A-11D0-8D11-00A0C91BC942}") = "Screenshot", "Screenshot\Screenshot.vcproj", "{24E39ACB-AB81-485D-8D36-749B3F5EC1E8}"
EndProject
Global
	GlobalSection(SolutionConfigurationPlatforms) = preSolution
		Debug|Win32 = Debug|Win32
		Release|Win32 = Release|Win32
	EndGlobalSection
	GlobalSection(ProjectConfigurationPlatforms) = postSolution
		{24E39ACB-AB81-485D-8D36-749B3F5EC1E8}.Debug|Win32.ActiveCfg = Debug|Win32
		{24E39ACB-AB81-485D-8D36-749B3F5EC1E8}.Debug|Win32.Build.0 = Debug|Win32
		{24E39ACB-AB81-485D-8D36-749B3F5EC1E8}.Release|Win32.ActiveCfg = Release|Win32
		{24E39ACB-AB81-485D-8D36-749B3F5EC1E8}.Release|Win32.Build.0 = Release|Win32
	EndGlobalSection
	GlobalSection(SolutionProperties) = preSolution
		HideSolutionNode = FALSE
	EndGlobalSection
EndGlobal
